
Microsoft Visual Studio Solution File, Format Version 11.00
# Visual Studio 2010
Project("{FAE04EC0-301F-11D3-BF4B-00C04F79EFBC}") = "Assembly-CSharp", "Assembly-CSharp.csproj", "{D2343DC8-6A4E-5C3D-4121-898D937E868E}"
EndProject
Project("{FAE04EC0-301F-11D3-BF4B-00C04F79EFBC}") = "Assembly-CSharp-Editor", "Assembly-CSharp-Editor.csproj", "{6DEDA114-D05A-1DF1-62B0-AD525203F0F3}"
EndProject
Global
	GlobalSection(SolutionConfigurationPlatforms) = preSolution
		Debug|Any CPU = Debug|Any CPU
		Release|Any CPU = Release|Any CPU
	EndGlobalSection
	GlobalSection(ProjectConfigurationPlatforms) = postSolution
		{D2343DC8-6A4E-5C3D-4121-898D937E868E}.Debug|Any CPU.ActiveCfg = Debug|Any CPU
		{D2343DC8-6A4E-5C3D-4121-898D937E868E}.Debug|Any CPU.Build.0 = Debug|Any CPU
		{D2343DC8-6A4E-5C3D-4121-898D937E868E}.Release|Any CPU.ActiveCfg = Release|Any CPU
		{D2343DC8-6A4E-5C3D-4121-898D937E868E}.Release|Any CPU.Build.0 = Release|Any CPU
		{6DEDA114-D05A-1DF1-62B0-AD525203F0F3}.Debug|Any CPU.ActiveCfg = Debug|Any CPU
		{6DEDA114-D05A-1DF1-62B0-AD525203F0F3}.Debug|Any CPU.Build.0 = Debug|Any CPU
		{6DEDA114-D05A-1DF1-62B0-AD525203F0F3}.Release|Any CPU.ActiveCfg = Release|Any CPU
		{6DEDA114-D05A-1DF1-62B0-AD525203F0F3}.Release|Any CPU.Build.0 = Release|Any CPU
	EndGlobalSection
	GlobalSection(SolutionProperties) = preSolution
		HideSolutionNode = FALSE
	EndGlobalSection
EndGlobal
